
Microsoft Visual Studio Solution File, Format Version 12.00
# Visual Studio Version 17
VisualStudioVersion = 17.5.33627.172
MinimumVisualStudioVersion = 10.0.40219.1
Project("{FAE04EC0-301F-11D3-BF4B-00C04F79EFBC}") = "ConsoleUI", "ConsoleUI\ConsoleUI.csproj", "{FDAC05D0-E53B-4BDB-B8BC-876FFF765926}"
EndProject
Global
	GlobalSection(SolutionConfigurationPlatforms) = preSolution
		Debug|Any CPU = Debug|Any CPU
		Release|Any CPU = Release|Any CPU
	EndGlobalSection
	GlobalSection(ProjectConfigurationPlatforms) = postSolution
		{FDAC05D0-E53B-4BDB-B8BC-876FFF765926}.Debug|Any CPU.ActiveCfg = Debug|Any CPU
		{FDAC05D0-E53B-4BDB-B8BC-876FFF765926}.Debug|Any CPU.Build.0 = Debug|Any CPU
		{FDAC05D0-E53B-4BDB-B8BC-876FFF765926}.Release|Any CPU.ActiveCfg = Release|Any CPU
		{FDAC05D0-E53B-4BDB-B8BC-876FFF765926}.Release|Any CPU.Build.0 = Release|Any CPU
	EndGlobalSection
	GlobalSection(SolutionProperties) = preSolution
		HideSolutionNode = FALSE
	EndGlobalSection
	GlobalSection(ExtensibilityGlobals) = postSolution
		SolutionGuid = {95D5BAB1-2422-446A-8689-7DB883E9E518}
	EndGlobalSection
EndGlobal
